
Microsoft Visual Studio Solution File, Format Version 12.00
# Visual Studio Version 16
VisualStudioVersion = 16.0.31729.503
MinimumVisualStudioVersion = 10.0.40219.1
Project("{FAE04EC0-301F-11D3-BF4B-00C04F79EFBC}") = "GameEquipmentinterfaceDemo", "GameEquipmentinterfaceDemo\GameEquipmentinterfaceDemo.csproj", "{12A07111-7D0F-448D-B293-39C4D8CF64E8}"
EndProject
Global
	GlobalSection(SolutionConfigurationPlatforms) = preSolution
		Debug|Any CPU = Debug|Any CPU
		Release|Any CPU = Release|Any CPU
	EndGlobalSection
	GlobalSection(ProjectConfigurationPlatforms) = postSolution
		{12A07111-7D0F-448D-B293-39C4D8CF64E8}.Debug|Any CPU.ActiveCfg = Debug|Any CPU
		{12A07111-7D0F-448D-B293-39C4D8CF64E8}.Debug|Any CPU.Build.0 = Debug|Any CPU
		{12A07111-7D0F-448D-B293-39C4D8CF64E8}.Release|Any CPU.ActiveCfg = Release|Any CPU
		{12A07111-7D0F-448D-B293-39C4D8CF64E8}.Release|Any CPU.Build.0 = Release|Any CPU
	EndGlobalSection
	GlobalSection(SolutionProperties) = preSolution
		HideSolutionNode = FALSE
	EndGlobalSection
	GlobalSection(ExtensibilityGlobals) = postSolution
		SolutionGuid = {DD3E26DD-DF85-4633-A79C-A692842A8A4F}
	EndGlobalSection
EndGlobal
